
Microsoft Visual Studio Solution File, Format Version 12.00
# Visual Studio Version 16
VisualStudioVersion = 16.0.30011.22
MinimumVisualStudioVersion = 10.0.40219.1
Project("{9A19103F-16F7-4668-BE54-9A1E7A4F7556}") = "Single Inheritence", "Lab Inheritance\Single Inheritence.csproj", "{DDE2C615-86F7-4C31-BEF5-9BC6EFEFB084}"
EndProject
Project("{9A19103F-16F7-4668-BE54-9A1E7A4F7556}") = "Multiple Inheritance", "Multiple Inheritance\Multiple Inheritance.csproj", "{2A7DC517-49F3-4CDD-BA9C-380FCD0DE4D1}"
EndProject
Project("{9A19103F-16F7-4668-BE54-9A1E7A4F7556}") = "Hierarical Inheritance", "Hierarical Inheritance\Hierarical Inheritance.csproj", "{DFFBD8F7-439E-4D52-8284-DFA38C3A2ACE}"
EndProject
Project("{9A19103F-16F7-4668-BE54-9A1E7A4F7556}") = "Random List", "Random List\Random List.csproj", "{A8ED384C-5D46-4C4E-BD79-9E69ECB034E0}"
EndProject
Project("{9A19103F-16F7-4668-BE54-9A1E7A4F7556}") = "Stack of Strings", "Stack of Strings\Stack of Strings.csproj", "{D74D40F8-917B-4E3E-8856-C0B6A14E695E}"
EndProject
Project("{FAE04EC0-301F-11D3-BF4B-00C04F79EFBC}") = "Single inheritance", "Single inheritance\Single inheritance.csproj", "{C34FA29E-43C3-434D-B82C-979E31063737}"
EndProject
Global
	GlobalSection(SolutionConfigurationPlatforms) = preSolution
		Debug|Any CPU = Debug|Any CPU
		Release|Any CPU = Release|Any CPU
	EndGlobalSection
	GlobalSection(ProjectConfigurationPlatforms) = postSolution
		{DDE2C615-86F7-4C31-BEF5-9BC6EFEFB084}.Debug|Any CPU.ActiveCfg = Debug|Any CPU
		{DDE2C615-86F7-4C31-BEF5-9BC6EFEFB084}.Debug|Any CPU.Build.0 = Debug|Any CPU
		{DDE2C615-86F7-4C31-BEF5-9BC6EFEFB084}.Release|Any CPU.ActiveCfg = Release|Any CPU
		{DDE2C615-86F7-4C31-BEF5-9BC6EFEFB084}.Release|Any CPU.Build.0 = Release|Any CPU
		{2A7DC517-49F3-4CDD-BA9C-380FCD0DE4D1}.Debug|Any CPU.ActiveCfg = Debug|Any CPU
		{2A7DC517-49F3-4CDD-BA9C-380FCD0DE4D1}.Debug|Any CPU.Build.0 = Debug|Any CPU
		{2A7DC517-49F3-4CDD-BA9C-380FCD0DE4D1}.Release|Any CPU.ActiveCfg = Release|Any CPU
		{2A7DC517-49F3-4CDD-BA9C-380FCD0DE4D1}.Release|Any CPU.Build.0 = Release|Any CPU
		{DFFBD8F7-439E-4D52-8284-DFA38C3A2ACE}.Debug|Any CPU.ActiveCfg = Debug|Any CPU
		{DFFBD8F7-439E-4D52-8284-DFA38C3A2ACE}.Debug|Any CPU.Build.0 = Debug|Any CPU
		{DFFBD8F7-439E-4D52-8284-DFA38C3A2ACE}.Release|Any CPU.ActiveCfg = Release|Any CPU
		{DFFBD8F7-439E-4D52-8284-DFA38C3A2ACE}.Release|Any CPU.Build.0 = Release|Any CPU
		{A8ED384C-5D46-4C4E-BD79-9E69ECB034E0}.Debug|Any CPU.ActiveCfg = Debug|Any CPU
		{A8ED384C-5D46-4C4E-BD79-9E69ECB034E0}.Debug|Any CPU.Build.0 = Debug|Any CPU
		{A8ED384C-5D46-4C4E-BD79-9E69ECB034E0}.Release|Any CPU.ActiveCfg = Release|Any CPU
		{A8ED384C-5D46-4C4E-BD79-9E69ECB034E0}.Release|Any CPU.Build.0 = Release|Any CPU
		{D74D40F8-917B-4E3E-8856-C0B6A14E695E}.Debug|Any CPU.ActiveCfg = Debug|Any CPU
		{D74D40F8-917B-4E3E-8856-C0B6A14E695E}.Debug|Any CPU.Build.0 = Debug|Any CPU
		{D74D40F8-917B-4E3E-8856-C0B6A14E695E}.Release|Any CPU.ActiveCfg = Release|Any CPU
		{D74D40F8-917B-4E3E-8856-C0B6A14E695E}.Release|Any CPU.Build.0 = Release|Any CPU
		{C34FA29E-43C3-434D-B82C-979E31063737}.Debug|Any CPU.ActiveCfg = Debug|Any CPU
		{C34FA29E-43C3-434D-B82C-979E31063737}.Debug|Any CPU.Build.0 = Debug|Any CPU
		{C34FA29E-43C3-434D-B82C-979E31063737}.Release|Any CPU.ActiveCfg = Release|Any CPU
		{C34FA29E-43C3-434D-B82C-979E31063737}.Release|Any CPU.Build.0 = Release|Any CPU
	EndGlobalSection
	GlobalSection(SolutionProperties) = preSolution
		HideSolutionNode = FALSE
	EndGlobalSection
	GlobalSection(ExtensibilityGlobals) = postSolution
		SolutionGuid = {20821B20-6418-48E2-A9CE-553E3C135821}
	EndGlobalSection
EndGlobal
